
Microsoft Visual Studio Solution File, Format Version 12.00
# Visual Studio Version 16
VisualStudioVersion = 16.0.33328.57
MinimumVisualStudioVersion = 10.0.40219.1
Project("{FAE04EC0-301F-11D3-BF4B-00C04F79EFBC}") = "EFDatabaseFirstTut", "EFDatabaseFirstTut\EFDatabaseFirstTut.csproj", "{8C43E056-64F4-4396-B646-7262A5B1F02F}"
EndProject
Global
	GlobalSection(SolutionConfigurationPlatforms) = preSolution
		Debug|Any CPU = Debug|Any CPU
		Release|Any CPU = Release|Any CPU
	EndGlobalSection
	GlobalSection(ProjectConfigurationPlatforms) = postSolution
		{8C43E056-64F4-4396-B646-7262A5B1F02F}.Debug|Any CPU.ActiveCfg = Debug|Any CPU
		{8C43E056-64F4-4396-B646-7262A5B1F02F}.Debug|Any CPU.Build.0 = Debug|Any CPU
		{8C43E056-64F4-4396-B646-7262A5B1F02F}.Release|Any CPU.ActiveCfg = Release|Any CPU
		{8C43E056-64F4-4396-B646-7262A5B1F02F}.Release|Any CPU.Build.0 = Release|Any CPU
	EndGlobalSection
	GlobalSection(SolutionProperties) = preSolution
		HideSolutionNode = FALSE
	EndGlobalSection
	GlobalSection(ExtensibilityGlobals) = postSolution
		SolutionGuid = {39B1291E-ED15-457B-B42D-07D09CA3D31A}
	EndGlobalSection
EndGlobal
